# THIS IS AN AUTOGENERATED FILE. DO NOT EDIT THIS FILE DIRECTLY.
# yarn lockfile v1


"@types/bootstrap-3-typeahead@^4.0.1":
  version "4.0.1"
  resolved "https://registry.yarnpkg.com/@types/bootstrap-3-typeahead/-/bootstrap-3-typeahead-4.0.1.tgz#2b45e196631095f9b8a4afde606dd8c12cf9e77f"
  integrity sha512-1TFxHxZEABxfJJQzgKLKpgcmd2KXKATv83WP7XwjQdWk0lXTXYcnWyYt7j7tQ1GrEZ0smUf7O3bQVSiRiRE+Xw==
  dependencies:
    "@types/jquery" "*"

"@types/bootstrap@^3.3.35":
  version "3.4.0"
  resolved "https://registry.yarnpkg.com/@types/bootstrap/-/bootstrap-3.4.0.tgz#7e74a2421b3984ce53ab459e979a99a78dd802c6"
  integrity sha512-LS05hVAAsX86qbHg7W+ydwBlNHrVCoFw6wEP3/uW4eYmRXl08bWmPeN/+onM+8qZTFfDgUlG/OItJI8SW972oQ==
  dependencies:
    "@types/jquery" "*"

"@types/jquery@*", "@types/jquery@^3.3.29":
  version "3.3.32"
  resolved "https://registry.yarnpkg.com/@types/jquery/-/jquery-3.3.32.tgz#93e27fdc45dd38ee07f2f0acf34b59c1ccee036f"
  integrity sha512-UKoof2mnV/X1/Ix2g+V2Ny5sgHjV8nK/UJbiYxuo4zPwzGyFlZ/mp4KaePb2VqQrqJctmcDQNA57buU84/2uIw==
  dependencies:
    "@types/sizzle" "*"

"@types/sizzle@*":
  version "2.3.2"
  resolved "https://registry.yarnpkg.com/@types/sizzle/-/sizzle-2.3.2.tgz#a811b8c18e2babab7d542b3365887ae2e4d9de47"
  integrity sha512-7EJYyKTL7tFR8+gDbB6Wwz/arpGa0Mywk1TJbNzKzHtzbwVmY4HR9WqS5VV7dsBUKQmPNr192jHr/VpBluj/hg==

bobril-g11n@^5.0.0:
  version "5.0.0"
  resolved "https://registry.yarnpkg.com/bobril-g11n/-/bobril-g11n-5.0.0.tgz#4d4341fda018138caedb4611ecf9f27a7c7b7a40"
  integrity sha512-zuQOeZLSz0+ZeTw+daj3T41zVnVkXnlDyR6shKiFL/5wZrU+2CE9Du9QoAHHyIniVF4AompfGldbcs0XVneqHQ==
  dependencies:
    bobril "*"
    moment "^2.10.6"

bobril@*, bobril@^14.0.1, bobril@^14.1.1:
  version "14.1.1"
  resolved "https://registry.yarnpkg.com/bobril/-/bobril-14.1.1.tgz#51fc3a0f0927b5ccb7b89377d776ac6c7f5e8cdf"
  integrity sha512-4c3lcdfqKOvKamnBEI4eITvMq2AzbAdZFlIRZti2asKa4Mr/RoX10QB7Yh9bDMsDYsDQAfdDAznLjcB4JeOKWQ==

bobrilstrap@^3.3.0:
  version "3.3.0"
  resolved "https://registry.yarnpkg.com/bobrilstrap/-/bobrilstrap-3.3.0.tgz#fd4b74befce5bbe17c52ffb94fa2612621493b3d"
  integrity sha512-6mjRDy327TshoXe3iu6+FbLM2UynsJLSEXnrYwkC1LkI7bnGDzkS3fwQ3L9h6gI3QxbaiHsyfMftaX5h7QDvag==
  dependencies:
    "@types/bootstrap" "^3.3.35"
    "@types/bootstrap-3-typeahead" "^4.0.1"
    "@types/jquery" "^3.3.29"
    bobril "^14.0.1"
    bootstrap "^3.4.0"
    bootstrap-3-typeahead "^4.0.2"
    jquery "^3.3.1"

bobx@^0.28.0:
  version "0.28.0"
  resolved "https://registry.yarnpkg.com/bobx/-/bobx-0.28.0.tgz#1edab428401a2e80c6ecbdd6c69e405be872a1c9"
  integrity sha512-lPC3/QMzWwInCRCDImaIpjqoKn1gpb7+5BucaYHuz6PprRrf1VaR2zJnFZbNiLEBRvwnNx82yPXpMZt5r9ES2w==
  dependencies:
    bobril "*"

bootstrap-3-typeahead@^4.0.2:
  version "4.0.2"
  resolved "https://registry.yarnpkg.com/bootstrap-3-typeahead/-/bootstrap-3-typeahead-4.0.2.tgz#cb1c969044856862096fc8c71cc21b3acbb50412"
  integrity sha1-yxyWkESFaGIJb8jHHMIbOsu1BBI=

bootstrap@^3.4.0:
  version "3.4.1"
  resolved "https://registry.yarnpkg.com/bootstrap/-/bootstrap-3.4.1.tgz#c3a347d419e289ad11f4033e3c4132b87c081d72"
  integrity sha512-yN5oZVmRCwe5aKwzRj6736nSmKDX7pLYwsXiCj/EYmo16hODaBiT4En5btW/jhBF/seV+XMx3aYwukYC3A49DA==

jquery@^3.3.1:
  version "3.4.1"
  resolved "https://registry.yarnpkg.com/jquery/-/jquery-3.4.1.tgz#714f1f8d9dde4bdfa55764ba37ef214630d80ef2"
  integrity sha512-36+AdBzCL+y6qjw5Tx7HgzeGCzC81MDDgaUP8ld2zhx58HdqXGoBd+tHdrBMiyjGQs0Hxs/MLZTu/eHNJJuWPw==

moment@^2.10.6:
  version "2.24.0"
  resolved "https://registry.yarnpkg.com/moment/-/moment-2.24.0.tgz#0d055d53f5052aa653c9f6eb68bb5d12bf5c2b5b"
  integrity sha512-bV7f+6l2QigeBBZSM/6yTNq4P2fNpSWj/0e7jQcy87A8e7o2nAfP/34/2ky5Vw4B9S446EtIhodAzkFCcR4dQg==

prettier@^1.19.1:
  version "1.19.1"
  resolved "https://registry.yarnpkg.com/prettier/-/prettier-1.19.1.tgz#f7d7f5ff8a9cd872a7be4ca142095956a60797cb"
  integrity sha512-s7PoyDv/II1ObgQunCbB9PdLmUcBZcnWOcxDh7O0N/UwDEsHyqkW+Qh28jW+mVuCdx7gLB0BotYI1Y6uI9iyew==

pwa-install-handler@^2.0.6:
  version "2.0.6"
  resolved "https://registry.yarnpkg.com/pwa-install-handler/-/pwa-install-handler-2.0.6.tgz#c6f2cbae9ea7df275484064c093caa958618b80a"
  integrity sha512-QjMoXnhd1EYit/BKRuQGIQGzjbAqU502ksgMDVK51snnE8hLxENi0SkvQu1gTVxQxYPdQbjTvjLnkf+jzl/O4w==
